// !$*UTF8*$!
{
	archiveVersion = 1;
	classes = {
	};
	objectVersion = 50;
	objects = {

/* Begin PBXBuildFile section */
		8CEA1C8C23019E6D00F306B2 /* LBCameraManager.m in Sources */ = {isa = PBXBuildFile; fileRef = 8CEA1C8B23019E6D00F306B2 /* LBCameraManager.m */; };
		8CEA1C952301AFE600F306B2 /* camera-toke.png in Resources */ = {isa = PBXBuildFile; fileRef = 8CEA1C8E2301AFE500F306B2 /* camera-toke.png */; };
		8CEA1C962301AFE600F306B2 /* Size.png in Resources */ = {isa = PBXBuildFile; fileRef = 8CEA1C8F2301AFE500F306B2 /* Size.png */; };
		8CEA1C972301AFE600F306B2 /* flashOff.png in Resources */ = {isa = PBXBuildFile; fileRef = 8CEA1C902301AFE500F306B2 /* flashOff.png */; };
		8CEA1C982301AFE600F306B2 /* takePhoto.png in Resources */ = {isa = PBXBuildFile; fileRef = 8CEA1C912301AFE500F306B2 /* takePhoto.png */; };
		8CEA1C992301AFE600F306B2 /* 聚焦热力图.png in Resources */ = {isa = PBXBuildFile; fileRef = 8CEA1C922301AFE500F306B2 /* 聚焦热力图.png */; };
		8CEA1C9A2301AFE600F306B2 /* flashOn.png in Resources */ = {isa = PBXBuildFile; fileRef = 8CEA1C932301AFE500F306B2 /* flashOn.png */; };
		8CEA1C9B2301AFE600F306B2 /* cameraFlip.png in Resources */ = {isa = PBXBuildFile; fileRef = 8CEA1C942301AFE500F306B2 /* cameraFlip.png */; };
		CEA0A95C22F18BE100F781E4 /* AlbumViewController.m in Sources */ = {isa = PBXBuildFile; fileRef = CEA0A95B22F18BE100F781E4 /* AlbumViewController.m */; };
		CEA0A95F22F18BF400F781E4 /* CameraViewController.m in Sources */ = {isa = PBXBuildFile; fileRef = CEA0A95E22F18BF400F781E4 /* CameraViewController.m */; };
		CEA0A96222F18C8100F781E4 /* UserAuthorization.m in Sources */ = {isa = PBXBuildFile; fileRef = CEA0A96022F18C8100F781E4 /* UserAuthorization.m */; };
		CEA0A96522F190F900F781E4 /* AlbumAssetCell.m in Sources */ = {isa = PBXBuildFile; fileRef = CEA0A96422F190F900F781E4 /* AlbumAssetCell.m */; };
		CEB0A41922F2CE700089BDEB /* DHCameraHelper.m in Sources */ = {isa = PBXBuildFile; fileRef = CEB0A41822F2CE700089BDEB /* DHCameraHelper.m */; };
		CEDDA36822F0376E003A52A9 /* AppDelegate.m in Sources */ = {isa = PBXBuildFile; fileRef = CEDDA36722F0376E003A52A9 /* AppDelegate.m */; };
		CEDDA36B22F0376E003A52A9 /* ViewController.m in Sources */ = {isa = PBXBuildFile; fileRef = CEDDA36A22F0376E003A52A9 /* ViewController.m */; };
		CEDDA36E22F0376E003A52A9 /* Main.storyboard in Resources */ = {isa = PBXBuildFile; fileRef = CEDDA36C22F0376E003A52A9 /* Main.storyboard */; };
		CEDDA37022F03770003A52A9 /* Assets.xcassets in Resources */ = {isa = PBXBuildFile; fileRef = CEDDA36F22F03770003A52A9 /* Assets.xcassets */; };
		CEDDA37322F03770003A52A9 /* LaunchScreen.storyboard in Resources */ = {isa = PBXBuildFile; fileRef = CEDDA37122F03770003A52A9 /* LaunchScreen.storyboard */; };
		CEDDA37622F03770003A52A9 /* main.m in Sources */ = {isa = PBXBuildFile; fileRef = CEDDA37522F03770003A52A9 /* main.m */; };
		CEDDA39B22F03CF0003A52A9 /* YiquxCameraManager.m in Sources */ = {isa = PBXBuildFile; fileRef = CEDDA38422F03CF0003A52A9 /* YiquxCameraManager.m */; };
		CEDDA39C22F03CF0003A52A9 /* YiquxCameraPreviewView.m in Sources */ = {isa = PBXBuildFile; fileRef = CEDDA38522F03CF0003A52A9 /* YiquxCameraPreviewView.m */; };
		CEDDA3AA22F03CF0003A52A9 /* YiquxPhotosUtility.m in Sources */ = {isa = PBXBuildFile; fileRef = CEDDA39822F03CF0003A52A9 /* YiquxPhotosUtility.m */; };
/* End PBXBuildFile section */

/* Begin PBXFileReference section */
		8CEA1C8A23019E6D00F306B2 /* LBCameraManager.h */ = {isa = PBXFileReference; lastKnownFileType = sourcecode.c.h; path = LBCameraManager.h; sourceTree = "<group>"; };
		8CEA1C8B23019E6D00F306B2 /* LBCameraManager.m */ = {isa = PBXFileReference; lastKnownFileType = sourcecode.c.objc; path = LBCameraManager.m; sourceTree = "<group>"; };
		8CEA1C8E2301AFE500F306B2 /* camera-toke.png */ = {isa = PBXFileReference; lastKnownFileType = image.png; path = "camera-toke.png"; sourceTree = "<group>"; };
		8CEA1C8F2301AFE500F306B2 /* Size.png */ = {isa = PBXFileReference; lastKnownFileType = image.png; path = Size.png; sourceTree = "<group>"; };
		8CEA1C902301AFE500F306B2 /* flashOff.png */ = {isa = PBXFileReference; lastKnownFileType = image.png; path = flashOff.png; sourceTree = "<group>"; };
		8CEA1C912301AFE500F306B2 /* takePhoto.png */ = {isa = PBXFileReference; lastKnownFileType = image.png; path = takePhoto.png; sourceTree = "<group>"; };
		8CEA1C922301AFE500F306B2 /* 聚焦热力图.png */ = {isa = PBXFileReference; lastKnownFileType = image.png; path = "聚焦热力图.png"; sourceTree = "<group>"; };
		8CEA1C932301AFE500F306B2 /* flashOn.png */ = {isa = PBXFileReference; lastKnownFileType = image.png; path = flashOn.png; sourceTree = "<group>"; };
		8CEA1C942301AFE500F306B2 /* cameraFlip.png */ = {isa = PBXFileReference; lastKnownFileType = image.png; path = cameraFlip.png; sourceTree = "<group>"; };
		CEA0A95A22F18BE100F781E4 /* AlbumViewController.h */ = {isa = PBXFileReference; lastKnownFileType = sourcecode.c.h; path = AlbumViewController.h; sourceTree = "<group>"; };
		CEA0A95B22F18BE100F781E4 /* AlbumViewController.m */ = {isa = PBXFileReference; lastKnownFileType = sourcecode.c.objc; path = AlbumViewController.m; sourceTree = "<group>"; };
		CEA0A95D22F18BF400F781E4 /* CameraViewController.h */ = {isa = PBXFileReference; lastKnownFileType = sourcecode.c.h; path = CameraViewController.h; sourceTree = "<group>"; };
		CEA0A95E22F18BF400F781E4 /* CameraViewController.m */ = {isa = PBXFileReference; lastKnownFileType = sourcecode.c.objc; path = CameraViewController.m; sourceTree = "<group>"; };
		CEA0A96022F18C8100F781E4 /* UserAuthorization.m */ = {isa = PBXFileReference; fileEncoding = 4; lastKnownFileType = sourcecode.c.objc; path = UserAuthorization.m; sourceTree = "<group>"; };
		CEA0A96122F18C8100F781E4 /* UserAuthorization.h */ = {isa = PBXFileReference; fileEncoding = 4; lastKnownFileType = sourcecode.c.h; path = UserAuthorization.h; sourceTree = "<group>"; };
		CEA0A96322F190F900F781E4 /* AlbumAssetCell.h */ = {isa = PBXFileReference; lastKnownFileType = sourcecode.c.h; path = AlbumAssetCell.h; sourceTree = "<group>"; };
		CEA0A96422F190F900F781E4 /* AlbumAssetCell.m */ = {isa = PBXFileReference; lastKnownFileType = sourcecode.c.objc; path = AlbumAssetCell.m; sourceTree = "<group>"; };
		CEB0A41222F2B4C60089BDEB /* AVCapturePhotoOutputHeader.h */ = {isa = PBXFileReference; lastKnownFileType = sourcecode.c.h; path = AVCapturePhotoOutputHeader.h; sourceTree = "<group>"; };
		CEB0A41322F2B98F0089BDEB /* AVCapturePhotoSettingsHeader.h */ = {isa = PBXFileReference; lastKnownFileType = sourcecode.c.h; path = AVCapturePhotoSettingsHeader.h; sourceTree = "<group>"; };
		CEB0A41722F2CE700089BDEB /* DHCameraHelper.h */ = {isa = PBXFileReference; lastKnownFileType = sourcecode.c.h; path = DHCameraHelper.h; sourceTree = "<group>"; };
		CEB0A41822F2CE700089BDEB /* DHCameraHelper.m */ = {isa = PBXFileReference; lastKnownFileType = sourcecode.c.objc; path = DHCameraHelper.m; sourceTree = "<group>"; };
		CEDDA36322F0376E003A52A9 /* CustomCameraDemo.app */ = {isa = PBXFileReference; explicitFileType = wrapper.application; includeInIndex = 0; path = CustomCameraDemo.app; sourceTree = BUILT_PRODUCTS_DIR; };
		CEDDA36622F0376E003A52A9 /* AppDelegate.h */ = {isa = PBXFileReference; lastKnownFileType = sourcecode.c.h; path = AppDelegate.h; sourceTree = "<group>"; };
		CEDDA36722F0376E003A52A9 /* AppDelegate.m */ = {isa = PBXFileReference; lastKnownFileType = sourcecode.c.objc; path = AppDelegate.m; sourceTree = "<group>"; };
		CEDDA36922F0376E003A52A9 /* ViewController.h */ = {isa = PBXFileReference; lastKnownFileType = sourcecode.c.h; path = ViewController.h; sourceTree = "<group>"; };
		CEDDA36A22F0376E003A52A9 /* ViewController.m */ = {isa = PBXFileReference; lastKnownFileType = sourcecode.c.objc; path = ViewController.m; sourceTree = "<group>"; };
		CEDDA36D22F0376E003A52A9 /* Base */ = {isa = PBXFileReference; lastKnownFileType = file.storyboard; name = Base; path = Base.lproj/Main.storyboard; sourceTree = "<group>"; };
		CEDDA36F22F03770003A52A9 /* Assets.xcassets */ = {isa = PBXFileReference; lastKnownFileType = folder.assetcatalog; path = Assets.xcassets; sourceTree = "<group>"; };
		CEDDA37222F03770003A52A9 /* Base */ = {isa = PBXFileReference; lastKnownFileType = file.storyboard; name = Base; path = Base.lproj/LaunchScreen.storyboard; sourceTree = "<group>"; };
		CEDDA37422F03770003A52A9 /* Info.plist */ = {isa = PBXFileReference; lastKnownFileType = text.plist.xml; path = Info.plist; sourceTree = "<group>"; };
		CEDDA37522F03770003A52A9 /* main.m */ = {isa = PBXFileReference; lastKnownFileType = sourcecode.c.objc; path = main.m; sourceTree = "<group>"; };
		CEDDA38222F03CF0003A52A9 /* YiquxCameraManager.h */ = {isa = PBXFileReference; fileEncoding = 4; lastKnownFileType = sourcecode.c.h; path = YiquxCameraManager.h; sourceTree = "<group>"; };
		CEDDA38322F03CF0003A52A9 /* YiquxCameraPreviewView.h */ = {isa = PBXFileReference; fileEncoding = 4; lastKnownFileType = sourcecode.c.h; path = YiquxCameraPreviewView.h; sourceTree = "<group>"; };
		CEDDA38422F03CF0003A52A9 /* YiquxCameraManager.m */ = {isa = PBXFileReference; fileEncoding = 4; lastKnownFileType = sourcecode.c.objc; path = YiquxCameraManager.m; sourceTree = "<group>"; };
		CEDDA38522F03CF0003A52A9 /* YiquxCameraPreviewView.m */ = {isa = PBXFileReference; fileEncoding = 4; lastKnownFileType = sourcecode.c.objc; path = YiquxCameraPreviewView.m; sourceTree = "<group>"; };
		CEDDA39822F03CF0003A52A9 /* YiquxPhotosUtility.m */ = {isa = PBXFileReference; fileEncoding = 4; lastKnownFileType = sourcecode.c.objc; path = YiquxPhotosUtility.m; sourceTree = "<group>"; };
		CEDDA39922F03CF0003A52A9 /* YiquxPhotosUtility.h */ = {isa = PBXFileReference; fileEncoding = 4; lastKnownFileType = sourcecode.c.h; path = YiquxPhotosUtility.h; sourceTree = "<group>"; };
/* End PBXFileReference section */

/* Begin PBXFrameworksBuildPhase section */
		CEDDA36022F0376E003A52A9 /* Frameworks */ = {
			isa = PBXFrameworksBuildPhase;
			buildActionMask = 2147483647;
			files = (
			);
			runOnlyForDeploymentPostprocessing = 0;
		};
/* End PBXFrameworksBuildPhase section */

/* Begin PBXGroup section */
		8CEA1C8D2301AFE500F306B2 /* Resource */ = {
			isa = PBXGroup;
			children = (
				8CEA1C8E2301AFE500F306B2 /* camera-toke.png */,
				8CEA1C8F2301AFE500F306B2 /* Size.png */,
				8CEA1C902301AFE500F306B2 /* flashOff.png */,
				8CEA1C912301AFE500F306B2 /* takePhoto.png */,
				8CEA1C922301AFE500F306B2 /* 聚焦热力图.png */,
				8CEA1C932301AFE500F306B2 /* flashOn.png */,
				8CEA1C942301AFE500F306B2 /* cameraFlip.png */,
			);
			path = Resource;
			sourceTree = "<group>";
		};
		CEDDA35A22F0376E003A52A9 = {
			isa = PBXGroup;
			children = (
				CEDDA36522F0376E003A52A9 /* CustomCameraDemo */,
				CEDDA36422F0376E003A52A9 /* Products */,
			);
			sourceTree = "<group>";
		};
		CEDDA36422F0376E003A52A9 /* Products */ = {
			isa = PBXGroup;
			children = (
				CEDDA36322F0376E003A52A9 /* CustomCameraDemo.app */,
			);
			name = Products;
			sourceTree = "<group>";
		};
		CEDDA36522F0376E003A52A9 /* CustomCameraDemo */ = {
			isa = PBXGroup;
			children = (
				8CEA1C8D2301AFE500F306B2 /* Resource */,
				CEDDA36622F0376E003A52A9 /* AppDelegate.h */,
				CEDDA36722F0376E003A52A9 /* AppDelegate.m */,
				CEDDA36922F0376E003A52A9 /* ViewController.h */,
				CEDDA36A22F0376E003A52A9 /* ViewController.m */,
				CEA0A95D22F18BF400F781E4 /* CameraViewController.h */,
				CEA0A95E22F18BF400F781E4 /* CameraViewController.m */,
				CEA0A95A22F18BE100F781E4 /* AlbumViewController.h */,
				CEA0A95B22F18BE100F781E4 /* AlbumViewController.m */,
				CEA0A96322F190F900F781E4 /* AlbumAssetCell.h */,
				CEA0A96422F190F900F781E4 /* AlbumAssetCell.m */,
				CEDDA37F22F03CF0003A52A9 /* Manager */,
				CEDDA36C22F0376E003A52A9 /* Main.storyboard */,
				CEDDA36F22F03770003A52A9 /* Assets.xcassets */,
				CEDDA37122F03770003A52A9 /* LaunchScreen.storyboard */,
				CEDDA37422F03770003A52A9 /* Info.plist */,
				CEDDA37522F03770003A52A9 /* main.m */,
			);
			path = CustomCameraDemo;
			sourceTree = "<group>";
		};
		CEDDA37F22F03CF0003A52A9 /* Manager */ = {
			isa = PBXGroup;
			children = (
				CEA0A96122F18C8100F781E4 /* UserAuthorization.h */,
				CEA0A96022F18C8100F781E4 /* UserAuthorization.m */,
				CEDDA38122F03CF0003A52A9 /* Camera */,
				CEDDA39722F03CF0003A52A9 /* Utility */,
			);
			path = Manager;
			sourceTree = "<group>";
		};
		CEDDA38122F03CF0003A52A9 /* Camera */ = {
			isa = PBXGroup;
			children = (
				CEDDA38222F03CF0003A52A9 /* YiquxCameraManager.h */,
				CEDDA38422F03CF0003A52A9 /* YiquxCameraManager.m */,
				CEDDA38322F03CF0003A52A9 /* YiquxCameraPreviewView.h */,
				CEDDA38522F03CF0003A52A9 /* YiquxCameraPreviewView.m */,
				8CEA1C8A23019E6D00F306B2 /* LBCameraManager.h */,
				8CEA1C8B23019E6D00F306B2 /* LBCameraManager.m */,
				CEB0A41722F2CE700089BDEB /* DHCameraHelper.h */,
				CEB0A41822F2CE700089BDEB /* DHCameraHelper.m */,
				CEB0A41222F2B4C60089BDEB /* AVCapturePhotoOutputHeader.h */,
				CEB0A41322F2B98F0089BDEB /* AVCapturePhotoSettingsHeader.h */,
			);
			path = Camera;
			sourceTree = "<group>";
		};
		CEDDA39722F03CF0003A52A9 /* Utility */ = {
			isa = PBXGroup;
			children = (
				CEDDA39822F03CF0003A52A9 /* YiquxPhotosUtility.m */,
				CEDDA39922F03CF0003A52A9 /* YiquxPhotosUtility.h */,
			);
			path = Utility;
			sourceTree = "<group>";
		};
/* End PBXGroup section */

/* Begin PBXNativeTarget section */
		CEDDA36222F0376E003A52A9 /* CustomCameraDemo */ = {
			isa = PBXNativeTarget;
			buildConfigurationList = CEDDA37922F03770003A52A9 /* Build configuration list for PBXNativeTarget "CustomCameraDemo" */;
			buildPhases = (
				CEDDA35F22F0376E003A52A9 /* Sources */,
				CEDDA36022F0376E003A52A9 /* Frameworks */,
				CEDDA36122F0376E003A52A9 /* Resources */,
			);
			buildRules = (
			);
			dependencies = (
			);
			name = CustomCameraDemo;
			productName = CustomCameraDemo;
			productReference = CEDDA36322F0376E003A52A9 /* CustomCameraDemo.app */;
			productType = "com.apple.product-type.application";
		};
/* End PBXNativeTarget section */

/* Begin PBXProject section */
		CEDDA35B22F0376E003A52A9 /* Project object */ = {
			isa = PBXProject;
			attributes = {
				LastUpgradeCheck = 1020;
				ORGANIZATIONNAME = Rock;
				TargetAttributes = {
					CEDDA36222F0376E003A52A9 = {
						CreatedOnToolsVersion = 10.2.1;
					};
				};
			};
			buildConfigurationList = CEDDA35E22F0376E003A52A9 /* Build configuration list for PBXProject "CustomCameraDemo" */;
			compatibilityVersion = "Xcode 9.3";
			developmentRegion = en;
			hasScannedForEncodings = 0;
			knownRegions = (
				en,
				Base,
			);
			mainGroup = CEDDA35A22F0376E003A52A9;
			productRefGroup = CEDDA36422F0376E003A52A9 /* Products */;
			projectDirPath = "";
			projectRoot = "";
			targets = (
				CEDDA36222F0376E003A52A9 /* CustomCameraDemo */,
			);
		};
/* End PBXProject section */

/* Begin PBXResourcesBuildPhase section */
		CEDDA36122F0376E003A52A9 /* Resources */ = {
			isa = PBXResourcesBuildPhase;
			buildActionMask = 2147483647;
			files = (
				8CEA1C9B2301AFE600F306B2 /* cameraFlip.png in Resources */,
				8CEA1C972301AFE600F306B2 /* flashOff.png in Resources */,
				CEDDA37322F03770003A52A9 /* LaunchScreen.storyboard in Resources */,
				8CEA1C992301AFE600F306B2 /* 聚焦热力图.png in Resources */,
				8CEA1C9A2301AFE600F306B2 /* flashOn.png in Resources */,
				CEDDA37022F03770003A52A9 /* Assets.xcassets in Resources */,
				8CEA1C982301AFE600F306B2 /* takePhoto.png in Resources */,
				8CEA1C962301AFE600F306B2 /* Size.png in Resources */,
				CEDDA36E22F0376E003A52A9 /* Main.storyboard in Resources */,
				8CEA1C952301AFE600F306B2 /* camera-toke.png in Resources */,
			);
			runOnlyForDeploymentPostprocessing = 0;
		};
/* End PBXResourcesBuildPhase section */

/* Begin PBXSourcesBuildPhase section */
		CEDDA35F22F0376E003A52A9 /* Sources */ = {
			isa = PBXSourcesBuildPhase;
			buildActionMask = 2147483647;
			files = (
				CEA0A96522F190F900F781E4 /* AlbumAssetCell.m in Sources */,
				CEB0A41922F2CE700089BDEB /* DHCameraHelper.m in Sources */,
				CEDDA3AA22F03CF0003A52A9 /* YiquxPhotosUtility.m in Sources */,
				CEA0A95C22F18BE100F781E4 /* AlbumViewController.m in Sources */,
				CEDDA36B22F0376E003A52A9 /* ViewController.m in Sources */,
				CEA0A96222F18C8100F781E4 /* UserAuthorization.m in Sources */,
				CEDDA39C22F03CF0003A52A9 /* YiquxCameraPreviewView.m in Sources */,
				CEDDA37622F03770003A52A9 /* main.m in Sources */,
				8CEA1C8C23019E6D00F306B2 /* LBCameraManager.m in Sources */,
				CEA0A95F22F18BF400F781E4 /* CameraViewController.m in Sources */,
				CEDDA36822F0376E003A52A9 /* AppDelegate.m in Sources */,
				CEDDA39B22F03CF0003A52A9 /* YiquxCameraManager.m in Sources */,
			);
			runOnlyForDeploymentPostprocessing = 0;
		};
/* End PBXSourcesBuildPhase section */

/* Begin PBXVariantGroup section */
		CEDDA36C22F0376E003A52A9 /* Main.storyboard */ = {
			isa = PBXVariantGroup;
			children = (
				CEDDA36D22F0376E003A52A9 /* Base */,
			);
			name = Main.storyboard;
			sourceTree = "<group>";
		};
		CEDDA37122F03770003A52A9 /* LaunchScreen.storyboard */ = {
			isa = PBXVariantGroup;
			children = (
				CEDDA37222F03770003A52A9 /* Base */,
			);
			name = LaunchScreen.storyboard;
			sourceTree = "<group>";
		};
/* End PBXVariantGroup section */

/* Begin XCBuildConfiguration section */
		CEDDA37722F03770003A52A9 /* Debug */ = {
			isa = XCBuildConfiguration;
			buildSettings = {
				ALWAYS_SEARCH_USER_PATHS = NO;
				CLANG_ANALYZER_NONNULL = YES;
				CLANG_ANALYZER_NUMBER_OBJECT_CONVERSION = YES_AGGRESSIVE;
				CLANG_CXX_LANGUAGE_STANDARD = "gnu++14";
				CLANG_CXX_LIBRARY = "libc++";
				CLANG_ENABLE_MODULES = YES;
				CLANG_ENABLE_OBJC_ARC = YES;
				CLANG_ENABLE_OBJC_WEAK = YES;
				CLANG_WARN_BLOCK_CAPTURE_AUTORELEASING = YES;
				CLANG_WARN_BOOL_CONVERSION = YES;
				CLANG_WARN_COMMA = YES;
				CLANG_WARN_CONSTANT_CONVERSION = YES;
				CLANG_WARN_DEPRECATED_OBJC_IMPLEMENTATIONS = YES;
				CLANG_WARN_DIRECT_OBJC_ISA_USAGE = YES_ERROR;
				CLANG_WARN_DOCUMENTATION_COMMENTS = YES;
				CLANG_WARN_EMPTY_BODY = YES;
				CLANG_WARN_ENUM_CONVERSION = YES;
				CLANG_WARN_INFINITE_RECURSION = YES;
				CLANG_WARN_INT_CONVERSION = YES;
				CLANG_WARN_NON_LITERAL_NULL_CONVERSION = YES;
				CLANG_WARN_OBJC_IMPLICIT_RETAIN_SELF = YES;
				CLANG_WARN_OBJC_LITERAL_CONVERSION = YES;
				CLANG_WARN_OBJC_ROOT_CLASS = YES_ERROR;
				CLANG_WARN_RANGE_LOOP_ANALYSIS = YES;
				CLANG_WARN_STRICT_PROTOTYPES = YES;
				CLANG_WARN_SUSPICIOUS_MOVE = YES;
				CLANG_WARN_UNGUARDED_AVAILABILITY = YES_AGGRESSIVE;
				CLANG_WARN_UNREACHABLE_CODE = YES;
				CLANG_WARN__DUPLICATE_METHOD_MATCH = YES;
				CODE_SIGN_IDENTITY = "iPhone Developer";
				COPY_PHASE_STRIP = NO;
				DEBUG_INFORMATION_FORMAT = dwarf;
				ENABLE_STRICT_OBJC_MSGSEND = YES;
				ENABLE_TESTABILITY = YES;
				GCC_C_LANGUAGE_STANDARD = gnu11;
				GCC_DYNAMIC_NO_PIC = NO;
				GCC_NO_COMMON_BLOCKS = YES;
				GCC_OPTIMIZATION_LEVEL = 0;
				GCC_PREPROCESSOR_DEFINITIONS = (
					"DEBUG=1",
					"$(inherited)",
				);
				GCC_WARN_64_TO_32_BIT_CONVERSION = YES;
				GCC_WARN_ABOUT_RETURN_TYPE = YES_ERROR;
				GCC_WARN_UNDECLARED_SELECTOR = YES;
				GCC_WARN_UNINITIALIZED_AUTOS = YES_AGGRESSIVE;
				GCC_WARN_UNUSED_FUNCTION = YES;
				GCC_WARN_UNUSED_VARIABLE = YES;
				IPHONEOS_DEPLOYMENT_TARGET = 12.2;
				MTL_ENABLE_DEBUG_INFO = INCLUDE_SOURCE;
				MTL_FAST_MATH = YES;
				ONLY_ACTIVE_ARCH = YES;
				SDKROOT = iphoneos;
			};
			name = Debug;
		};
		CEDDA37822F03770003A52A9 /* Release */ = {
			isa = XCBuildConfiguration;
			buildSettings = {
				ALWAYS_SEARCH_USER_PATHS = NO;
				CLANG_ANALYZER_NONNULL = YES;
				CLANG_ANALYZER_NUMBER_OBJECT_CONVERSION = YES_AGGRESSIVE;
				CLANG_CXX_LANGUAGE_STANDARD = "gnu++14";
				CLANG_CXX_LIBRARY = "libc++";
				CLANG_ENABLE_MODULES = YES;
				CLANG_ENABLE_OBJC_ARC = YES;
				CLANG_ENABLE_OBJC_WEAK = YES;
				CLANG_WARN_BLOCK_CAPTURE_AUTORELEASING = YES;
				CLANG_WARN_BOOL_CONVERSION = YES;
				CLANG_WARN_COMMA = YES;
				CLANG_WARN_CONSTANT_CONVERSION = YES;
				CLANG_WARN_DEPRECATED_OBJC_IMPLEMENTATIONS = YES;
				CLANG_WARN_DIRECT_OBJC_ISA_USAGE = YES_ERROR;
				CLANG_WARN_DOCUMENTATION_COMMENTS = YES;
				CLANG_WARN_EMPTY_BODY = YES;
				CLANG_WARN_ENUM_CONVERSION = YES;
				CLANG_WARN_INFINITE_RECURSION = YES;
				CLANG_WARN_INT_CONVERSION = YES;
				CLANG_WARN_NON_LITERAL_NULL_CONVERSION = YES;
				CLANG_WARN_OBJC_IMPLICIT_RETAIN_SELF = YES;
				CLANG_WARN_OBJC_LITERAL_CONVERSION = YES;
				CLANG_WARN_OBJC_ROOT_CLASS = YES_ERROR;
				CLANG_WARN_RANGE_LOOP_ANALYSIS = YES;
				CLANG_WARN_STRICT_PROTOTYPES = YES;
				CLANG_WARN_SUSPICIOUS_MOVE = YES;
				CLANG_WARN_UNGUARDED_AVAILABILITY = YES_AGGRESSIVE;
				CLANG_WARN_UNREACHABLE_CODE = YES;
				CLANG_WARN__DUPLICATE_METHOD_MATCH = YES;
				CODE_SIGN_IDENTITY = "iPhone Developer";
				COPY_PHASE_STRIP = NO;
				DEBUG_INFORMATION_FORMAT = "dwarf-with-dsym";
				ENABLE_NS_ASSERTIONS = NO;
				ENABLE_STRICT_OBJC_MSGSEND = YES;
				GCC_C_LANGUAGE_STANDARD = gnu11;
				GCC_NO_COMMON_BLOCKS = YES;
				GCC_WARN_64_TO_32_BIT_CONVERSION = YES;
				GCC_WARN_ABOUT_RETURN_TYPE = YES_ERROR;
				GCC_WARN_UNDECLARED_SELECTOR = YES;
				GCC_WARN_UNINITIALIZED_AUTOS = YES_AGGRESSIVE;
				GCC_WARN_UNUSED_FUNCTION = YES;
				GCC_WARN_UNUSED_VARIABLE = YES;
				IPHONEOS_DEPLOYMENT_TARGET = 12.2;
				MTL_ENABLE_DEBUG_INFO = NO;
				MTL_FAST_MATH = YES;
				SDKROOT = iphoneos;
				VALIDATE_PRODUCT = YES;
			};
			name = Release;
		};
		CEDDA37A22F03770003A52A9 /* Debug */ = {
			isa = XCBuildConfiguration;
			buildSettings = {
				ASSETCATALOG_COMPILER_APPICON_NAME = AppIcon;
				CODE_SIGN_STYLE = Automatic;
				DEVELOPMENT_TEAM = H8Z8H3RQUL;
				INFOPLIST_FILE = CustomCameraDemo/Info.plist;
				IPHONEOS_DEPLOYMENT_TARGET = 10.0;
				LD_RUNPATH_SEARCH_PATHS = (
					"$(inherited)",
					"@executable_path/Frameworks",
				);
				PRODUCT_BUNDLE_IDENTIFIER = com.mojia.CustomCameraDemo;
				PRODUCT_NAME = "$(TARGET_NAME)";
				TARGETED_DEVICE_FAMILY = "1,2";
			};
			name = Debug;
		};
		CEDDA37B22F03770003A52A9 /* Release */ = {
			isa = XCBuildConfiguration;
			buildSettings = {
				ASSETCATALOG_COMPILER_APPICON_NAME = AppIcon;
				CODE_SIGN_STYLE = Automatic;
				DEVELOPMENT_TEAM = H8Z8H3RQUL;
				INFOPLIST_FILE = CustomCameraDemo/Info.plist;
				IPHONEOS_DEPLOYMENT_TARGET = 10.0;
				LD_RUNPATH_SEARCH_PATHS = (
					"$(inherited)",
					"@executable_path/Frameworks",
				);
				PRODUCT_BUNDLE_IDENTIFIER = com.mojia.CustomCameraDemo;
				PRODUCT_NAME = "$(TARGET_NAME)";
				TARGETED_DEVICE_FAMILY = "1,2";
			};
			name = Release;
		};
/* End XCBuildConfiguration section */

/* Begin XCConfigurationList section */
		CEDDA35E22F0376E003A52A9 /* Build configuration list for PBXProject "CustomCameraDemo" */ = {
			isa = XCConfigurationList;
			buildConfigurations = (
				CEDDA37722F03770003A52A9 /* Debug */,
				CEDDA37822F03770003A52A9 /* Release */,
			);
			defaultConfigurationIsVisible = 0;
			defaultConfigurationName = Release;
		};
		CEDDA37922F03770003A52A9 /* Build configuration list for PBXNativeTarget "CustomCameraDemo" */ = {
			isa = XCConfigurationList;
			buildConfigurations = (
				CEDDA37A22F03770003A52A9 /* Debug */,
				CEDDA37B22F03770003A52A9 /* Release */,
			);
			defaultConfigurationIsVisible = 0;
			defaultConfigurationName = Release;
		};
/* End XCConfigurationList section */
	};
	rootObject = CEDDA35B22F0376E003A52A9 /* Project object */;
}
