// !$*UTF8*$!
{
	archiveVersion = 1;
	classes = {
	};
	objectVersion = 50;
	objects = {

/* Begin PBXBuildFile section */
		8C2AD7EF22375D3200B1EF9F /* AppDelegate.m in Sources */ = {isa = PBXBuildFile; fileRef = 8C2AD7EE22375D3200B1EF9F /* AppDelegate.m */; };
		8C2AD7F222375D3200B1EF9F /* ViewController.m in Sources */ = {isa = PBXBuildFile; fileRef = 8C2AD7F122375D3200B1EF9F /* ViewController.m */; };
		8C2AD7F522375D3200B1EF9F /* Main.storyboard in Resources */ = {isa = PBXBuildFile; fileRef = 8C2AD7F322375D3200B1EF9F /* Main.storyboard */; };
		8C2AD7F722375D3500B1EF9F /* Assets.xcassets in Resources */ = {isa = PBXBuildFile; fileRef = 8C2AD7F622375D3500B1EF9F /* Assets.xcassets */; };
		8C2AD7FA22375D3500B1EF9F /* LaunchScreen.storyboard in Resources */ = {isa = PBXBuildFile; fileRef = 8C2AD7F822375D3500B1EF9F /* LaunchScreen.storyboard */; };
		8C2AD7FD22375D3500B1EF9F /* main.m in Sources */ = {isa = PBXBuildFile; fileRef = 8C2AD7FC22375D3500B1EF9F /* main.m */; };
		8C2AD80522375EE300B1EF9F /* Person.m in Sources */ = {isa = PBXBuildFile; fileRef = 8C2AD80422375EE300B1EF9F /* Person.m */; };
		8C2AD80822378DCD00B1EF9F /* PersonModel.m in Sources */ = {isa = PBXBuildFile; fileRef = 8C2AD80722378DCD00B1EF9F /* PersonModel.m */; };
/* End PBXBuildFile section */

/* Begin PBXFileReference section */
		8C2AD7EA22375D3200B1EF9F /* ObjDemo.app */ = {isa = PBXFileReference; explicitFileType = wrapper.application; includeInIndex = 0; path = ObjDemo.app; sourceTree = BUILT_PRODUCTS_DIR; };
		8C2AD7ED22375D3200B1EF9F /* AppDelegate.h */ = {isa = PBXFileReference; lastKnownFileType = sourcecode.c.h; path = AppDelegate.h; sourceTree = "<group>"; };
		8C2AD7EE22375D3200B1EF9F /* AppDelegate.m */ = {isa = PBXFileReference; lastKnownFileType = sourcecode.c.objc; path = AppDelegate.m; sourceTree = "<group>"; };
		8C2AD7F022375D3200B1EF9F /* ViewController.h */ = {isa = PBXFileReference; lastKnownFileType = sourcecode.c.h; path = ViewController.h; sourceTree = "<group>"; };
		8C2AD7F122375D3200B1EF9F /* ViewController.m */ = {isa = PBXFileReference; lastKnownFileType = sourcecode.c.objc; path = ViewController.m; sourceTree = "<group>"; };
		8C2AD7F422375D3200B1EF9F /* Base */ = {isa = PBXFileReference; lastKnownFileType = file.storyboard; name = Base; path = Base.lproj/Main.storyboard; sourceTree = "<group>"; };
		8C2AD7F622375D3500B1EF9F /* Assets.xcassets */ = {isa = PBXFileReference; lastKnownFileType = folder.assetcatalog; path = Assets.xcassets; sourceTree = "<group>"; };
		8C2AD7F922375D3500B1EF9F /* Base */ = {isa = PBXFileReference; lastKnownFileType = file.storyboard; name = Base; path = Base.lproj/LaunchScreen.storyboard; sourceTree = "<group>"; };
		8C2AD7FB22375D3500B1EF9F /* Info.plist */ = {isa = PBXFileReference; lastKnownFileType = text.plist.xml; path = Info.plist; sourceTree = "<group>"; };
		8C2AD7FC22375D3500B1EF9F /* main.m */ = {isa = PBXFileReference; lastKnownFileType = sourcecode.c.objc; path = main.m; sourceTree = "<group>"; };
		8C2AD80322375EE300B1EF9F /* Person.h */ = {isa = PBXFileReference; lastKnownFileType = sourcecode.c.h; path = Person.h; sourceTree = "<group>"; };
		8C2AD80422375EE300B1EF9F /* Person.m */ = {isa = PBXFileReference; lastKnownFileType = sourcecode.c.objc; path = Person.m; sourceTree = "<group>"; };
		8C2AD80622378DCD00B1EF9F /* PersonModel.h */ = {isa = PBXFileReference; lastKnownFileType = sourcecode.c.h; path = PersonModel.h; sourceTree = "<group>"; };
		8C2AD80722378DCD00B1EF9F /* PersonModel.m */ = {isa = PBXFileReference; lastKnownFileType = sourcecode.c.objc; path = PersonModel.m; sourceTree = "<group>"; };
/* End PBXFileReference section */

/* Begin PBXFrameworksBuildPhase section */
		8C2AD7E722375D3200B1EF9F /* Frameworks */ = {
			isa = PBXFrameworksBuildPhase;
			buildActionMask = 2147483647;
			files = (
			);
			runOnlyForDeploymentPostprocessing = 0;
		};
/* End PBXFrameworksBuildPhase section */

/* Begin PBXGroup section */
		8C2AD7E122375D3200B1EF9F = {
			isa = PBXGroup;
			children = (
				8C2AD7EC22375D3200B1EF9F /* ObjDemo */,
				8C2AD7EB22375D3200B1EF9F /* Products */,
			);
			sourceTree = "<group>";
		};
		8C2AD7EB22375D3200B1EF9F /* Products */ = {
			isa = PBXGroup;
			children = (
				8C2AD7EA22375D3200B1EF9F /* ObjDemo.app */,
			);
			name = Products;
			sourceTree = "<group>";
		};
		8C2AD7EC22375D3200B1EF9F /* ObjDemo */ = {
			isa = PBXGroup;
			children = (
				8C2AD7ED22375D3200B1EF9F /* AppDelegate.h */,
				8C2AD7EE22375D3200B1EF9F /* AppDelegate.m */,
				8C2AD7F022375D3200B1EF9F /* ViewController.h */,
				8C2AD7F122375D3200B1EF9F /* ViewController.m */,
				8C2AD80322375EE300B1EF9F /* Person.h */,
				8C2AD80422375EE300B1EF9F /* Person.m */,
				8C2AD80622378DCD00B1EF9F /* PersonModel.h */,
				8C2AD80722378DCD00B1EF9F /* PersonModel.m */,
				8C2AD7F322375D3200B1EF9F /* Main.storyboard */,
				8C2AD7F622375D3500B1EF9F /* Assets.xcassets */,
				8C2AD7F822375D3500B1EF9F /* LaunchScreen.storyboard */,
				8C2AD7FB22375D3500B1EF9F /* Info.plist */,
				8C2AD7FC22375D3500B1EF9F /* main.m */,
			);
			path = ObjDemo;
			sourceTree = "<group>";
		};
/* End PBXGroup section */

/* Begin PBXNativeTarget section */
		8C2AD7E922375D3200B1EF9F /* ObjDemo */ = {
			isa = PBXNativeTarget;
			buildConfigurationList = 8C2AD80022375D3500B1EF9F /* Build configuration list for PBXNativeTarget "ObjDemo" */;
			buildPhases = (
				8C2AD7E622375D3200B1EF9F /* Sources */,
				8C2AD7E722375D3200B1EF9F /* Frameworks */,
				8C2AD7E822375D3200B1EF9F /* Resources */,
			);
			buildRules = (
			);
			dependencies = (
			);
			name = ObjDemo;
			productName = ObjDemo;
			productReference = 8C2AD7EA22375D3200B1EF9F /* ObjDemo.app */;
			productType = "com.apple.product-type.application";
		};
/* End PBXNativeTarget section */

/* Begin PBXProject section */
		8C2AD7E222375D3200B1EF9F /* Project object */ = {
			isa = PBXProject;
			attributes = {
				LastUpgradeCheck = 1010;
				ORGANIZATIONNAME = Yiqux;
				TargetAttributes = {
					8C2AD7E922375D3200B1EF9F = {
						CreatedOnToolsVersion = 10.1;
					};
				};
			};
			buildConfigurationList = 8C2AD7E522375D3200B1EF9F /* Build configuration list for PBXProject "ObjDemo" */;
			compatibilityVersion = "Xcode 9.3";
			developmentRegion = en;
			hasScannedForEncodings = 0;
			knownRegions = (
				en,
				Base,
			);
			mainGroup = 8C2AD7E122375D3200B1EF9F;
			productRefGroup = 8C2AD7EB22375D3200B1EF9F /* Products */;
			projectDirPath = "";
			projectRoot = "";
			targets = (
				8C2AD7E922375D3200B1EF9F /* ObjDemo */,
			);
		};
/* End PBXProject section */

/* Begin PBXResourcesBuildPhase section */
		8C2AD7E822375D3200B1EF9F /* Resources */ = {
			isa = PBXResourcesBuildPhase;
			buildActionMask = 2147483647;
			files = (
				8C2AD7FA22375D3500B1EF9F /* LaunchScreen.storyboard in Resources */,
				8C2AD7F722375D3500B1EF9F /* Assets.xcassets in Resources */,
				8C2AD7F522375D3200B1EF9F /* Main.storyboard in Resources */,
			);
			runOnlyForDeploymentPostprocessing = 0;
		};
/* End PBXResourcesBuildPhase section */

/* Begin PBXSourcesBuildPhase section */
		8C2AD7E622375D3200B1EF9F /* Sources */ = {
			isa = PBXSourcesBuildPhase;
			buildActionMask = 2147483647;
			files = (
				8C2AD80822378DCD00B1EF9F /* PersonModel.m in Sources */,
				8C2AD7F222375D3200B1EF9F /* ViewController.m in Sources */,
				8C2AD7FD22375D3500B1EF9F /* main.m in Sources */,
				8C2AD80522375EE300B1EF9F /* Person.m in Sources */,
				8C2AD7EF22375D3200B1EF9F /* AppDelegate.m in Sources */,
			);
			runOnlyForDeploymentPostprocessing = 0;
		};
/* End PBXSourcesBuildPhase section */

/* Begin PBXVariantGroup section */
		8C2AD7F322375D3200B1EF9F /* Main.storyboard */ = {
			isa = PBXVariantGroup;
			children = (
				8C2AD7F422375D3200B1EF9F /* Base */,
			);
			name = Main.storyboard;
			sourceTree = "<group>";
		};
		8C2AD7F822375D3500B1EF9F /* LaunchScreen.storyboard */ = {
			isa = PBXVariantGroup;
			children = (
				8C2AD7F922375D3500B1EF9F /* Base */,
			);
			name = LaunchScreen.storyboard;
			sourceTree = "<group>";
		};
/* End PBXVariantGroup section */

/* Begin XCBuildConfiguration section */
		8C2AD7FE22375D3500B1EF9F /* Debug */ = {
			isa = XCBuildConfiguration;
			buildSettings = {
				ALWAYS_SEARCH_USER_PATHS = NO;
				CLANG_ANALYZER_NONNULL = YES;
				CLANG_ANALYZER_NUMBER_OBJECT_CONVERSION = YES_AGGRESSIVE;
				CLANG_CXX_LANGUAGE_STANDARD = "gnu++14";
				CLANG_CXX_LIBRARY = "libc++";
				CLANG_ENABLE_MODULES = YES;
				CLANG_ENABLE_OBJC_ARC = YES;
				CLANG_ENABLE_OBJC_WEAK = YES;
				CLANG_WARN_BLOCK_CAPTURE_AUTORELEASING = YES;
				CLANG_WARN_BOOL_CONVERSION = YES;
				CLANG_WARN_COMMA = YES;
				CLANG_WARN_CONSTANT_CONVERSION = YES;
				CLANG_WARN_DEPRECATED_OBJC_IMPLEMENTATIONS = YES;
				CLANG_WARN_DIRECT_OBJC_ISA_USAGE = YES_ERROR;
				CLANG_WARN_DOCUMENTATION_COMMENTS = YES;
				CLANG_WARN_EMPTY_BODY = YES;
				CLANG_WARN_ENUM_CONVERSION = YES;
				CLANG_WARN_INFINITE_RECURSION = YES;
				CLANG_WARN_INT_CONVERSION = YES;
				CLANG_WARN_NON_LITERAL_NULL_CONVERSION = YES;
				CLANG_WARN_OBJC_IMPLICIT_RETAIN_SELF = YES;
				CLANG_WARN_OBJC_LITERAL_CONVERSION = YES;
				CLANG_WARN_OBJC_ROOT_CLASS = YES_ERROR;
				CLANG_WARN_RANGE_LOOP_ANALYSIS = YES;
				CLANG_WARN_STRICT_PROTOTYPES = YES;
				CLANG_WARN_SUSPICIOUS_MOVE = YES;
				CLANG_WARN_UNGUARDED_AVAILABILITY = YES_AGGRESSIVE;
				CLANG_WARN_UNREACHABLE_CODE = YES;
				CLANG_WARN__DUPLICATE_METHOD_MATCH = YES;
				CODE_SIGN_IDENTITY = "iPhone Developer";
				COPY_PHASE_STRIP = NO;
				DEBUG_INFORMATION_FORMAT = dwarf;
				ENABLE_STRICT_OBJC_MSGSEND = YES;
				ENABLE_TESTABILITY = YES;
				GCC_C_LANGUAGE_STANDARD = gnu11;
				GCC_DYNAMIC_NO_PIC = NO;
				GCC_NO_COMMON_BLOCKS = YES;
				GCC_OPTIMIZATION_LEVEL = 0;
				GCC_PREPROCESSOR_DEFINITIONS = (
					"DEBUG=1",
					"$(inherited)",
				);
				GCC_WARN_64_TO_32_BIT_CONVERSION = YES;
				GCC_WARN_ABOUT_RETURN_TYPE = YES_ERROR;
				GCC_WARN_UNDECLARED_SELECTOR = YES;
				GCC_WARN_UNINITIALIZED_AUTOS = YES_AGGRESSIVE;
				GCC_WARN_UNUSED_FUNCTION = YES;
				GCC_WARN_UNUSED_VARIABLE = YES;
				IPHONEOS_DEPLOYMENT_TARGET = 12.1;
				MTL_ENABLE_DEBUG_INFO = INCLUDE_SOURCE;
				MTL_FAST_MATH = YES;
				ONLY_ACTIVE_ARCH = YES;
				SDKROOT = iphoneos;
			};
			name = Debug;
		};
		8C2AD7FF22375D3500B1EF9F /* Release */ = {
			isa = XCBuildConfiguration;
			buildSettings = {
				ALWAYS_SEARCH_USER_PATHS = NO;
				CLANG_ANALYZER_NONNULL = YES;
				CLANG_ANALYZER_NUMBER_OBJECT_CONVERSION = YES_AGGRESSIVE;
				CLANG_CXX_LANGUAGE_STANDARD = "gnu++14";
				CLANG_CXX_LIBRARY = "libc++";
				CLANG_ENABLE_MODULES = YES;
				CLANG_ENABLE_OBJC_ARC = YES;
				CLANG_ENABLE_OBJC_WEAK = YES;
				CLANG_WARN_BLOCK_CAPTURE_AUTORELEASING = YES;
				CLANG_WARN_BOOL_CONVERSION = YES;
				CLANG_WARN_COMMA = YES;
				CLANG_WARN_CONSTANT_CONVERSION = YES;
				CLANG_WARN_DEPRECATED_OBJC_IMPLEMENTATIONS = YES;
				CLANG_WARN_DIRECT_OBJC_ISA_USAGE = YES_ERROR;
				CLANG_WARN_DOCUMENTATION_COMMENTS = YES;
				CLANG_WARN_EMPTY_BODY = YES;
				CLANG_WARN_ENUM_CONVERSION = YES;
				CLANG_WARN_INFINITE_RECURSION = YES;
				CLANG_WARN_INT_CONVERSION = YES;
				CLANG_WARN_NON_LITERAL_NULL_CONVERSION = YES;
				CLANG_WARN_OBJC_IMPLICIT_RETAIN_SELF = YES;
				CLANG_WARN_OBJC_LITERAL_CONVERSION = YES;
				CLANG_WARN_OBJC_ROOT_CLASS = YES_ERROR;
				CLANG_WARN_RANGE_LOOP_ANALYSIS = YES;
				CLANG_WARN_STRICT_PROTOTYPES = YES;
				CLANG_WARN_SUSPICIOUS_MOVE = YES;
				CLANG_WARN_UNGUARDED_AVAILABILITY = YES_AGGRESSIVE;
				CLANG_WARN_UNREACHABLE_CODE = YES;
				CLANG_WARN__DUPLICATE_METHOD_MATCH = YES;
				CODE_SIGN_IDENTITY = "iPhone Developer";
				COPY_PHASE_STRIP = NO;
				DEBUG_INFORMATION_FORMAT = "dwarf-with-dsym";
				ENABLE_NS_ASSERTIONS = NO;
				ENABLE_STRICT_OBJC_MSGSEND = YES;
				GCC_C_LANGUAGE_STANDARD = gnu11;
				GCC_NO_COMMON_BLOCKS = YES;
				GCC_WARN_64_TO_32_BIT_CONVERSION = YES;
				GCC_WARN_ABOUT_RETURN_TYPE = YES_ERROR;
				GCC_WARN_UNDECLARED_SELECTOR = YES;
				GCC_WARN_UNINITIALIZED_AUTOS = YES_AGGRESSIVE;
				GCC_WARN_UNUSED_FUNCTION = YES;
				GCC_WARN_UNUSED_VARIABLE = YES;
				IPHONEOS_DEPLOYMENT_TARGET = 12.1;
				MTL_ENABLE_DEBUG_INFO = NO;
				MTL_FAST_MATH = YES;
				SDKROOT = iphoneos;
				VALIDATE_PRODUCT = YES;
			};
			name = Release;
		};
		8C2AD80122375D3500B1EF9F /* Debug */ = {
			isa = XCBuildConfiguration;
			buildSettings = {
				ASSETCATALOG_COMPILER_APPICON_NAME = AppIcon;
				CODE_SIGN_STYLE = Automatic;
				DEVELOPMENT_TEAM = V5LB6482G8;
				INFOPLIST_FILE = ObjDemo/Info.plist;
				LD_RUNPATH_SEARCH_PATHS = (
					"$(inherited)",
					"@executable_path/Frameworks",
				);
				PRODUCT_BUNDLE_IDENTIFIER = com.yiqux.ObjDemo;
				PRODUCT_NAME = "$(TARGET_NAME)";
				TARGETED_DEVICE_FAMILY = "1,2";
			};
			name = Debug;
		};
		8C2AD80222375D3500B1EF9F /* Release */ = {
			isa = XCBuildConfiguration;
			buildSettings = {
				ASSETCATALOG_COMPILER_APPICON_NAME = AppIcon;
				CODE_SIGN_STYLE = Automatic;
				DEVELOPMENT_TEAM = V5LB6482G8;
				INFOPLIST_FILE = ObjDemo/Info.plist;
				LD_RUNPATH_SEARCH_PATHS = (
					"$(inherited)",
					"@executable_path/Frameworks",
				);
				PRODUCT_BUNDLE_IDENTIFIER = com.yiqux.ObjDemo;
				PRODUCT_NAME = "$(TARGET_NAME)";
				TARGETED_DEVICE_FAMILY = "1,2";
			};
			name = Release;
		};
/* End XCBuildConfiguration section */

/* Begin XCConfigurationList section */
		8C2AD7E522375D3200B1EF9F /* Build configuration list for PBXProject "ObjDemo" */ = {
			isa = XCConfigurationList;
			buildConfigurations = (
				8C2AD7FE22375D3500B1EF9F /* Debug */,
				8C2AD7FF22375D3500B1EF9F /* Release */,
			);
			defaultConfigurationIsVisible = 0;
			defaultConfigurationName = Release;
		};
		8C2AD80022375D3500B1EF9F /* Build configuration list for PBXNativeTarget "ObjDemo" */ = {
			isa = XCConfigurationList;
			buildConfigurations = (
				8C2AD80122375D3500B1EF9F /* Debug */,
				8C2AD80222375D3500B1EF9F /* Release */,
			);
			defaultConfigurationIsVisible = 0;
			defaultConfigurationName = Release;
		};
/* End XCConfigurationList section */
	};
	rootObject = 8C2AD7E222375D3200B1EF9F /* Project object */;
}
