// !$*UTF8*$!
{
	archiveVersion = 1;
	classes = {
	};
	objectVersion = 50;
	objects = {

/* Begin PBXBuildFile section */
		8C55296322B1F3DE00F3561A /* AppDelegate.m in Sources */ = {isa = PBXBuildFile; fileRef = 8C55296222B1F3DE00F3561A /* AppDelegate.m */; };
		8C55296622B1F3DE00F3561A /* ViewController.m in Sources */ = {isa = PBXBuildFile; fileRef = 8C55296522B1F3DE00F3561A /* ViewController.m */; };
		8C55296922B1F3DE00F3561A /* Main.storyboard in Resources */ = {isa = PBXBuildFile; fileRef = 8C55296722B1F3DE00F3561A /* Main.storyboard */; };
		8C55296B22B1F3E400F3561A /* Assets.xcassets in Resources */ = {isa = PBXBuildFile; fileRef = 8C55296A22B1F3E400F3561A /* Assets.xcassets */; };
		8C55296E22B1F3E400F3561A /* LaunchScreen.storyboard in Resources */ = {isa = PBXBuildFile; fileRef = 8C55296C22B1F3E400F3561A /* LaunchScreen.storyboard */; };
		8C55297122B1F3E400F3561A /* main.m in Sources */ = {isa = PBXBuildFile; fileRef = 8C55297022B1F3E400F3561A /* main.m */; };
/* End PBXBuildFile section */

/* Begin PBXFileReference section */
		8C55295E22B1F3DE00F3561A /* QueueAndThreadDemo.app */ = {isa = PBXFileReference; explicitFileType = wrapper.application; includeInIndex = 0; path = QueueAndThreadDemo.app; sourceTree = BUILT_PRODUCTS_DIR; };
		8C55296122B1F3DE00F3561A /* AppDelegate.h */ = {isa = PBXFileReference; lastKnownFileType = sourcecode.c.h; path = AppDelegate.h; sourceTree = "<group>"; };
		8C55296222B1F3DE00F3561A /* AppDelegate.m */ = {isa = PBXFileReference; lastKnownFileType = sourcecode.c.objc; path = AppDelegate.m; sourceTree = "<group>"; };
		8C55296422B1F3DE00F3561A /* ViewController.h */ = {isa = PBXFileReference; lastKnownFileType = sourcecode.c.h; path = ViewController.h; sourceTree = "<group>"; };
		8C55296522B1F3DE00F3561A /* ViewController.m */ = {isa = PBXFileReference; lastKnownFileType = sourcecode.c.objc; path = ViewController.m; sourceTree = "<group>"; };
		8C55296822B1F3DE00F3561A /* Base */ = {isa = PBXFileReference; lastKnownFileType = file.storyboard; name = Base; path = Base.lproj/Main.storyboard; sourceTree = "<group>"; };
		8C55296A22B1F3E400F3561A /* Assets.xcassets */ = {isa = PBXFileReference; lastKnownFileType = folder.assetcatalog; path = Assets.xcassets; sourceTree = "<group>"; };
		8C55296D22B1F3E400F3561A /* Base */ = {isa = PBXFileReference; lastKnownFileType = file.storyboard; name = Base; path = Base.lproj/LaunchScreen.storyboard; sourceTree = "<group>"; };
		8C55296F22B1F3E400F3561A /* Info.plist */ = {isa = PBXFileReference; lastKnownFileType = text.plist.xml; path = Info.plist; sourceTree = "<group>"; };
		8C55297022B1F3E400F3561A /* main.m */ = {isa = PBXFileReference; lastKnownFileType = sourcecode.c.objc; path = main.m; sourceTree = "<group>"; };
/* End PBXFileReference section */

/* Begin PBXFrameworksBuildPhase section */
		8C55295B22B1F3DE00F3561A /* Frameworks */ = {
			isa = PBXFrameworksBuildPhase;
			buildActionMask = 2147483647;
			files = (
			);
			runOnlyForDeploymentPostprocessing = 0;
		};
/* End PBXFrameworksBuildPhase section */

/* Begin PBXGroup section */
		8C55295522B1F3DE00F3561A = {
			isa = PBXGroup;
			children = (
				8C55296022B1F3DE00F3561A /* QueueAndThreadDemo */,
				8C55295F22B1F3DE00F3561A /* Products */,
			);
			sourceTree = "<group>";
		};
		8C55295F22B1F3DE00F3561A /* Products */ = {
			isa = PBXGroup;
			children = (
				8C55295E22B1F3DE00F3561A /* QueueAndThreadDemo.app */,
			);
			name = Products;
			sourceTree = "<group>";
		};
		8C55296022B1F3DE00F3561A /* QueueAndThreadDemo */ = {
			isa = PBXGroup;
			children = (
				8C55296122B1F3DE00F3561A /* AppDelegate.h */,
				8C55296222B1F3DE00F3561A /* AppDelegate.m */,
				8C55296422B1F3DE00F3561A /* ViewController.h */,
				8C55296522B1F3DE00F3561A /* ViewController.m */,
				8C55296722B1F3DE00F3561A /* Main.storyboard */,
				8C55296A22B1F3E400F3561A /* Assets.xcassets */,
				8C55296C22B1F3E400F3561A /* LaunchScreen.storyboard */,
				8C55296F22B1F3E400F3561A /* Info.plist */,
				8C55297022B1F3E400F3561A /* main.m */,
			);
			path = QueueAndThreadDemo;
			sourceTree = "<group>";
		};
/* End PBXGroup section */

/* Begin PBXNativeTarget section */
		8C55295D22B1F3DE00F3561A /* QueueAndThreadDemo */ = {
			isa = PBXNativeTarget;
			buildConfigurationList = 8C55297422B1F3E400F3561A /* Build configuration list for PBXNativeTarget "QueueAndThreadDemo" */;
			buildPhases = (
				8C55295A22B1F3DE00F3561A /* Sources */,
				8C55295B22B1F3DE00F3561A /* Frameworks */,
				8C55295C22B1F3DE00F3561A /* Resources */,
			);
			buildRules = (
			);
			dependencies = (
			);
			name = QueueAndThreadDemo;
			productName = QueueAndThreadDemo;
			productReference = 8C55295E22B1F3DE00F3561A /* QueueAndThreadDemo.app */;
			productType = "com.apple.product-type.application";
		};
/* End PBXNativeTarget section */

/* Begin PBXProject section */
		8C55295622B1F3DE00F3561A /* Project object */ = {
			isa = PBXProject;
			attributes = {
				LastUpgradeCheck = 1020;
				ORGANIZATIONNAME = Yiqux;
				TargetAttributes = {
					8C55295D22B1F3DE00F3561A = {
						CreatedOnToolsVersion = 10.2.1;
					};
				};
			};
			buildConfigurationList = 8C55295922B1F3DE00F3561A /* Build configuration list for PBXProject "QueueAndThreadDemo" */;
			compatibilityVersion = "Xcode 9.3";
			developmentRegion = en;
			hasScannedForEncodings = 0;
			knownRegions = (
				en,
				Base,
			);
			mainGroup = 8C55295522B1F3DE00F3561A;
			productRefGroup = 8C55295F22B1F3DE00F3561A /* Products */;
			projectDirPath = "";
			projectRoot = "";
			targets = (
				8C55295D22B1F3DE00F3561A /* QueueAndThreadDemo */,
			);
		};
/* End PBXProject section */

/* Begin PBXResourcesBuildPhase section */
		8C55295C22B1F3DE00F3561A /* Resources */ = {
			isa = PBXResourcesBuildPhase;
			buildActionMask = 2147483647;
			files = (
				8C55296E22B1F3E400F3561A /* LaunchScreen.storyboard in Resources */,
				8C55296B22B1F3E400F3561A /* Assets.xcassets in Resources */,
				8C55296922B1F3DE00F3561A /* Main.storyboard in Resources */,
			);
			runOnlyForDeploymentPostprocessing = 0;
		};
/* End PBXResourcesBuildPhase section */

/* Begin PBXSourcesBuildPhase section */
		8C55295A22B1F3DE00F3561A /* Sources */ = {
			isa = PBXSourcesBuildPhase;
			buildActionMask = 2147483647;
			files = (
				8C55296622B1F3DE00F3561A /* ViewController.m in Sources */,
				8C55297122B1F3E400F3561A /* main.m in Sources */,
				8C55296322B1F3DE00F3561A /* AppDelegate.m in Sources */,
			);
			runOnlyForDeploymentPostprocessing = 0;
		};
/* End PBXSourcesBuildPhase section */

/* Begin PBXVariantGroup section */
		8C55296722B1F3DE00F3561A /* Main.storyboard */ = {
			isa = PBXVariantGroup;
			children = (
				8C55296822B1F3DE00F3561A /* Base */,
			);
			name = Main.storyboard;
			sourceTree = "<group>";
		};
		8C55296C22B1F3E400F3561A /* LaunchScreen.storyboard */ = {
			isa = PBXVariantGroup;
			children = (
				8C55296D22B1F3E400F3561A /* Base */,
			);
			name = LaunchScreen.storyboard;
			sourceTree = "<group>";
		};
/* End PBXVariantGroup section */

/* Begin XCBuildConfiguration section */
		8C55297222B1F3E400F3561A /* Debug */ = {
			isa = XCBuildConfiguration;
			buildSettings = {
				ALWAYS_SEARCH_USER_PATHS = NO;
				CLANG_ANALYZER_NONNULL = YES;
				CLANG_ANALYZER_NUMBER_OBJECT_CONVERSION = YES_AGGRESSIVE;
				CLANG_CXX_LANGUAGE_STANDARD = "gnu++14";
				CLANG_CXX_LIBRARY = "libc++";
				CLANG_ENABLE_MODULES = YES;
				CLANG_ENABLE_OBJC_ARC = YES;
				CLANG_ENABLE_OBJC_WEAK = YES;
				CLANG_WARN_BLOCK_CAPTURE_AUTORELEASING = YES;
				CLANG_WARN_BOOL_CONVERSION = YES;
				CLANG_WARN_COMMA = YES;
				CLANG_WARN_CONSTANT_CONVERSION = YES;
				CLANG_WARN_DEPRECATED_OBJC_IMPLEMENTATIONS = YES;
				CLANG_WARN_DIRECT_OBJC_ISA_USAGE = YES_ERROR;
				CLANG_WARN_DOCUMENTATION_COMMENTS = YES;
				CLANG_WARN_EMPTY_BODY = YES;
				CLANG_WARN_ENUM_CONVERSION = YES;
				CLANG_WARN_INFINITE_RECURSION = YES;
				CLANG_WARN_INT_CONVERSION = YES;
				CLANG_WARN_NON_LITERAL_NULL_CONVERSION = YES;
				CLANG_WARN_OBJC_IMPLICIT_RETAIN_SELF = YES;
				CLANG_WARN_OBJC_LITERAL_CONVERSION = YES;
				CLANG_WARN_OBJC_ROOT_CLASS = YES_ERROR;
				CLANG_WARN_RANGE_LOOP_ANALYSIS = YES;
				CLANG_WARN_STRICT_PROTOTYPES = YES;
				CLANG_WARN_SUSPICIOUS_MOVE = YES;
				CLANG_WARN_UNGUARDED_AVAILABILITY = YES_AGGRESSIVE;
				CLANG_WARN_UNREACHABLE_CODE = YES;
				CLANG_WARN__DUPLICATE_METHOD_MATCH = YES;
				CODE_SIGN_IDENTITY = "iPhone Developer";
				COPY_PHASE_STRIP = NO;
				DEBUG_INFORMATION_FORMAT = dwarf;
				ENABLE_STRICT_OBJC_MSGSEND = YES;
				ENABLE_TESTABILITY = YES;
				GCC_C_LANGUAGE_STANDARD = gnu11;
				GCC_DYNAMIC_NO_PIC = NO;
				GCC_NO_COMMON_BLOCKS = YES;
				GCC_OPTIMIZATION_LEVEL = 0;
				GCC_PREPROCESSOR_DEFINITIONS = (
					"DEBUG=1",
					"$(inherited)",
				);
				GCC_WARN_64_TO_32_BIT_CONVERSION = YES;
				GCC_WARN_ABOUT_RETURN_TYPE = YES_ERROR;
				GCC_WARN_UNDECLARED_SELECTOR = YES;
				GCC_WARN_UNINITIALIZED_AUTOS = YES_AGGRESSIVE;
				GCC_WARN_UNUSED_FUNCTION = YES;
				GCC_WARN_UNUSED_VARIABLE = YES;
				IPHONEOS_DEPLOYMENT_TARGET = 12.2;
				MTL_ENABLE_DEBUG_INFO = INCLUDE_SOURCE;
				MTL_FAST_MATH = YES;
				ONLY_ACTIVE_ARCH = YES;
				SDKROOT = iphoneos;
			};
			name = Debug;
		};
		8C55297322B1F3E400F3561A /* Release */ = {
			isa = XCBuildConfiguration;
			buildSettings = {
				ALWAYS_SEARCH_USER_PATHS = NO;
				CLANG_ANALYZER_NONNULL = YES;
				CLANG_ANALYZER_NUMBER_OBJECT_CONVERSION = YES_AGGRESSIVE;
				CLANG_CXX_LANGUAGE_STANDARD = "gnu++14";
				CLANG_CXX_LIBRARY = "libc++";
				CLANG_ENABLE_MODULES = YES;
				CLANG_ENABLE_OBJC_ARC = YES;
				CLANG_ENABLE_OBJC_WEAK = YES;
				CLANG_WARN_BLOCK_CAPTURE_AUTORELEASING = YES;
				CLANG_WARN_BOOL_CONVERSION = YES;
				CLANG_WARN_COMMA = YES;
				CLANG_WARN_CONSTANT_CONVERSION = YES;
				CLANG_WARN_DEPRECATED_OBJC_IMPLEMENTATIONS = YES;
				CLANG_WARN_DIRECT_OBJC_ISA_USAGE = YES_ERROR;
				CLANG_WARN_DOCUMENTATION_COMMENTS = YES;
				CLANG_WARN_EMPTY_BODY = YES;
				CLANG_WARN_ENUM_CONVERSION = YES;
				CLANG_WARN_INFINITE_RECURSION = YES;
				CLANG_WARN_INT_CONVERSION = YES;
				CLANG_WARN_NON_LITERAL_NULL_CONVERSION = YES;
				CLANG_WARN_OBJC_IMPLICIT_RETAIN_SELF = YES;
				CLANG_WARN_OBJC_LITERAL_CONVERSION = YES;
				CLANG_WARN_OBJC_ROOT_CLASS = YES_ERROR;
				CLANG_WARN_RANGE_LOOP_ANALYSIS = YES;
				CLANG_WARN_STRICT_PROTOTYPES = YES;
				CLANG_WARN_SUSPICIOUS_MOVE = YES;
				CLANG_WARN_UNGUARDED_AVAILABILITY = YES_AGGRESSIVE;
				CLANG_WARN_UNREACHABLE_CODE = YES;
				CLANG_WARN__DUPLICATE_METHOD_MATCH = YES;
				CODE_SIGN_IDENTITY = "iPhone Developer";
				COPY_PHASE_STRIP = NO;
				DEBUG_INFORMATION_FORMAT = "dwarf-with-dsym";
				ENABLE_NS_ASSERTIONS = NO;
				ENABLE_STRICT_OBJC_MSGSEND = YES;
				GCC_C_LANGUAGE_STANDARD = gnu11;
				GCC_NO_COMMON_BLOCKS = YES;
				GCC_WARN_64_TO_32_BIT_CONVERSION = YES;
				GCC_WARN_ABOUT_RETURN_TYPE = YES_ERROR;
				GCC_WARN_UNDECLARED_SELECTOR = YES;
				GCC_WARN_UNINITIALIZED_AUTOS = YES_AGGRESSIVE;
				GCC_WARN_UNUSED_FUNCTION = YES;
				GCC_WARN_UNUSED_VARIABLE = YES;
				IPHONEOS_DEPLOYMENT_TARGET = 12.2;
				MTL_ENABLE_DEBUG_INFO = NO;
				MTL_FAST_MATH = YES;
				SDKROOT = iphoneos;
				VALIDATE_PRODUCT = YES;
			};
			name = Release;
		};
		8C55297522B1F3E400F3561A /* Debug */ = {
			isa = XCBuildConfiguration;
			buildSettings = {
				ASSETCATALOG_COMPILER_APPICON_NAME = AppIcon;
				CODE_SIGN_STYLE = Automatic;
				DEVELOPMENT_TEAM = V5LB6482G8;
				INFOPLIST_FILE = QueueAndThreadDemo/Info.plist;
				LD_RUNPATH_SEARCH_PATHS = (
					"$(inherited)",
					"@executable_path/Frameworks",
				);
				PRODUCT_BUNDLE_IDENTIFIER = com.yiqux.QueueAndThreadDemo;
				PRODUCT_NAME = "$(TARGET_NAME)";
				TARGETED_DEVICE_FAMILY = "1,2";
			};
			name = Debug;
		};
		8C55297622B1F3E400F3561A /* Release */ = {
			isa = XCBuildConfiguration;
			buildSettings = {
				ASSETCATALOG_COMPILER_APPICON_NAME = AppIcon;
				CODE_SIGN_STYLE = Automatic;
				DEVELOPMENT_TEAM = V5LB6482G8;
				INFOPLIST_FILE = QueueAndThreadDemo/Info.plist;
				LD_RUNPATH_SEARCH_PATHS = (
					"$(inherited)",
					"@executable_path/Frameworks",
				);
				PRODUCT_BUNDLE_IDENTIFIER = com.yiqux.QueueAndThreadDemo;
				PRODUCT_NAME = "$(TARGET_NAME)";
				TARGETED_DEVICE_FAMILY = "1,2";
			};
			name = Release;
		};
/* End XCBuildConfiguration section */

/* Begin XCConfigurationList section */
		8C55295922B1F3DE00F3561A /* Build configuration list for PBXProject "QueueAndThreadDemo" */ = {
			isa = XCConfigurationList;
			buildConfigurations = (
				8C55297222B1F3E400F3561A /* Debug */,
				8C55297322B1F3E400F3561A /* Release */,
			);
			defaultConfigurationIsVisible = 0;
			defaultConfigurationName = Release;
		};
		8C55297422B1F3E400F3561A /* Build configuration list for PBXNativeTarget "QueueAndThreadDemo" */ = {
			isa = XCConfigurationList;
			buildConfigurations = (
				8C55297522B1F3E400F3561A /* Debug */,
				8C55297622B1F3E400F3561A /* Release */,
			);
			defaultConfigurationIsVisible = 0;
			defaultConfigurationName = Release;
		};
/* End XCConfigurationList section */
	};
	rootObject = 8C55295622B1F3DE00F3561A /* Project object */;
}
