// !$*UTF8*$!
{
	archiveVersion = 1;
	classes = {
	};
	objectVersion = 50;
	objects = {

/* Begin PBXBuildFile section */
		CE2833FE22E2F63500793542 /* AppDelegate.m in Sources */ = {isa = PBXBuildFile; fileRef = CE2833FD22E2F63500793542 /* AppDelegate.m */; };
		CE28340122E2F63500793542 /* ViewController.m in Sources */ = {isa = PBXBuildFile; fileRef = CE28340022E2F63500793542 /* ViewController.m */; };
		CE28340422E2F63500793542 /* Main.storyboard in Resources */ = {isa = PBXBuildFile; fileRef = CE28340222E2F63500793542 /* Main.storyboard */; };
		CE28340622E2F63700793542 /* Assets.xcassets in Resources */ = {isa = PBXBuildFile; fileRef = CE28340522E2F63700793542 /* Assets.xcassets */; };
		CE28340922E2F63700793542 /* LaunchScreen.storyboard in Resources */ = {isa = PBXBuildFile; fileRef = CE28340722E2F63700793542 /* LaunchScreen.storyboard */; };
		CE28340C22E2F63700793542 /* main.m in Sources */ = {isa = PBXBuildFile; fileRef = CE28340B22E2F63700793542 /* main.m */; };
		CE28341622E3006E00793542 /* DrawTriangleViewController.m in Sources */ = {isa = PBXBuildFile; fileRef = CE28341522E3006E00793542 /* DrawTriangleViewController.m */; };
		CE28341822E30B3A00793542 /* triangle.metal in Sources */ = {isa = PBXBuildFile; fileRef = CE28341722E30B3A00793542 /* triangle.metal */; };
		CE3792E122E72BD00010B8BD /* DrawImageViewController.m in Sources */ = {isa = PBXBuildFile; fileRef = CE3792E022E72BD00010B8BD /* DrawImageViewController.m */; };
		CE3792E422E72BFD0010B8BD /* MetalBaseView.m in Sources */ = {isa = PBXBuildFile; fileRef = CE3792E322E72BFD0010B8BD /* MetalBaseView.m */; };
		CE3792E722E733470010B8BD /* img1.jpg in Resources */ = {isa = PBXBuildFile; fileRef = CE3792E622E733470010B8BD /* img1.jpg */; };
		CE3792E922E737300010B8BD /* ImageBaseShader.metal in Sources */ = {isa = PBXBuildFile; fileRef = CE3792E822E737300010B8BD /* ImageBaseShader.metal */; };
/* End PBXBuildFile section */

/* Begin PBXFileReference section */
		CE2833F922E2F63500793542 /* LearnMatelDemo.app */ = {isa = PBXFileReference; explicitFileType = wrapper.application; includeInIndex = 0; path = LearnMatelDemo.app; sourceTree = BUILT_PRODUCTS_DIR; };
		CE2833FC22E2F63500793542 /* AppDelegate.h */ = {isa = PBXFileReference; lastKnownFileType = sourcecode.c.h; path = AppDelegate.h; sourceTree = "<group>"; };
		CE2833FD22E2F63500793542 /* AppDelegate.m */ = {isa = PBXFileReference; lastKnownFileType = sourcecode.c.objc; path = AppDelegate.m; sourceTree = "<group>"; };
		CE2833FF22E2F63500793542 /* ViewController.h */ = {isa = PBXFileReference; lastKnownFileType = sourcecode.c.h; path = ViewController.h; sourceTree = "<group>"; };
		CE28340022E2F63500793542 /* ViewController.m */ = {isa = PBXFileReference; lastKnownFileType = sourcecode.c.objc; path = ViewController.m; sourceTree = "<group>"; };
		CE28340322E2F63500793542 /* Base */ = {isa = PBXFileReference; lastKnownFileType = file.storyboard; name = Base; path = Base.lproj/Main.storyboard; sourceTree = "<group>"; };
		CE28340522E2F63700793542 /* Assets.xcassets */ = {isa = PBXFileReference; lastKnownFileType = folder.assetcatalog; path = Assets.xcassets; sourceTree = "<group>"; };
		CE28340822E2F63700793542 /* Base */ = {isa = PBXFileReference; lastKnownFileType = file.storyboard; name = Base; path = Base.lproj/LaunchScreen.storyboard; sourceTree = "<group>"; };
		CE28340A22E2F63700793542 /* Info.plist */ = {isa = PBXFileReference; lastKnownFileType = text.plist.xml; path = Info.plist; sourceTree = "<group>"; };
		CE28340B22E2F63700793542 /* main.m */ = {isa = PBXFileReference; lastKnownFileType = sourcecode.c.objc; path = main.m; sourceTree = "<group>"; };
		CE28341422E3006E00793542 /* DrawTriangleViewController.h */ = {isa = PBXFileReference; lastKnownFileType = sourcecode.c.h; path = DrawTriangleViewController.h; sourceTree = "<group>"; };
		CE28341522E3006E00793542 /* DrawTriangleViewController.m */ = {isa = PBXFileReference; lastKnownFileType = sourcecode.c.objc; path = DrawTriangleViewController.m; sourceTree = "<group>"; };
		CE28341722E30B3A00793542 /* triangle.metal */ = {isa = PBXFileReference; lastKnownFileType = sourcecode.metal; path = triangle.metal; sourceTree = "<group>"; };
		CE3792A522E5DA110010B8BD /* Common.h */ = {isa = PBXFileReference; lastKnownFileType = sourcecode.c.h; path = Common.h; sourceTree = "<group>"; };
		CE3792DF22E72BD00010B8BD /* DrawImageViewController.h */ = {isa = PBXFileReference; lastKnownFileType = sourcecode.c.h; path = DrawImageViewController.h; sourceTree = "<group>"; };
		CE3792E022E72BD00010B8BD /* DrawImageViewController.m */ = {isa = PBXFileReference; lastKnownFileType = sourcecode.c.objc; path = DrawImageViewController.m; sourceTree = "<group>"; };
		CE3792E222E72BFD0010B8BD /* MetalBaseView.h */ = {isa = PBXFileReference; lastKnownFileType = sourcecode.c.h; path = MetalBaseView.h; sourceTree = "<group>"; };
		CE3792E322E72BFD0010B8BD /* MetalBaseView.m */ = {isa = PBXFileReference; lastKnownFileType = sourcecode.c.objc; path = MetalBaseView.m; sourceTree = "<group>"; };
		CE3792E622E733470010B8BD /* img1.jpg */ = {isa = PBXFileReference; lastKnownFileType = image.jpeg; path = img1.jpg; sourceTree = "<group>"; };
		CE3792E822E737300010B8BD /* ImageBaseShader.metal */ = {isa = PBXFileReference; lastKnownFileType = sourcecode.metal; path = ImageBaseShader.metal; sourceTree = "<group>"; };
/* End PBXFileReference section */

/* Begin PBXFrameworksBuildPhase section */
		CE2833F622E2F63500793542 /* Frameworks */ = {
			isa = PBXFrameworksBuildPhase;
			buildActionMask = 2147483647;
			files = (
			);
			runOnlyForDeploymentPostprocessing = 0;
		};
/* End PBXFrameworksBuildPhase section */

/* Begin PBXGroup section */
		CE2833F022E2F63500793542 = {
			isa = PBXGroup;
			children = (
				CE2833FB22E2F63500793542 /* LearnMatelDemo */,
				CE2833FA22E2F63500793542 /* Products */,
			);
			sourceTree = "<group>";
		};
		CE2833FA22E2F63500793542 /* Products */ = {
			isa = PBXGroup;
			children = (
				CE2833F922E2F63500793542 /* LearnMatelDemo.app */,
			);
			name = Products;
			sourceTree = "<group>";
		};
		CE2833FB22E2F63500793542 /* LearnMatelDemo */ = {
			isa = PBXGroup;
			children = (
				CE3792E522E733470010B8BD /* Resource */,
				CE28341322E3005B00793542 /* 0DrawTriangle */,
				CE3792DE22E72BBA0010B8BD /* 1DrawImage */,
				CE28341222E3001900793542 /* SupportFiles */,
			);
			path = LearnMatelDemo;
			sourceTree = "<group>";
		};
		CE28341222E3001900793542 /* SupportFiles */ = {
			isa = PBXGroup;
			children = (
				CE2833FC22E2F63500793542 /* AppDelegate.h */,
				CE2833FD22E2F63500793542 /* AppDelegate.m */,
				CE2833FF22E2F63500793542 /* ViewController.h */,
				CE28340022E2F63500793542 /* ViewController.m */,
				CE28340222E2F63500793542 /* Main.storyboard */,
				CE28340522E2F63700793542 /* Assets.xcassets */,
				CE28340722E2F63700793542 /* LaunchScreen.storyboard */,
				CE28340A22E2F63700793542 /* Info.plist */,
				CE28340B22E2F63700793542 /* main.m */,
			);
			name = SupportFiles;
			sourceTree = "<group>";
		};
		CE28341322E3005B00793542 /* 0DrawTriangle */ = {
			isa = PBXGroup;
			children = (
				CE28341422E3006E00793542 /* DrawTriangleViewController.h */,
				CE28341522E3006E00793542 /* DrawTriangleViewController.m */,
				CE3792A522E5DA110010B8BD /* Common.h */,
				CE28341722E30B3A00793542 /* triangle.metal */,
			);
			path = 0DrawTriangle;
			sourceTree = "<group>";
		};
		CE3792DE22E72BBA0010B8BD /* 1DrawImage */ = {
			isa = PBXGroup;
			children = (
				CE3792DF22E72BD00010B8BD /* DrawImageViewController.h */,
				CE3792E022E72BD00010B8BD /* DrawImageViewController.m */,
				CE3792E222E72BFD0010B8BD /* MetalBaseView.h */,
				CE3792E322E72BFD0010B8BD /* MetalBaseView.m */,
				CE3792E822E737300010B8BD /* ImageBaseShader.metal */,
			);
			path = 1DrawImage;
			sourceTree = "<group>";
		};
		CE3792E522E733470010B8BD /* Resource */ = {
			isa = PBXGroup;
			children = (
				CE3792E622E733470010B8BD /* img1.jpg */,
			);
			path = Resource;
			sourceTree = "<group>";
		};
/* End PBXGroup section */

/* Begin PBXNativeTarget section */
		CE2833F822E2F63500793542 /* LearnMatelDemo */ = {
			isa = PBXNativeTarget;
			buildConfigurationList = CE28340F22E2F63700793542 /* Build configuration list for PBXNativeTarget "LearnMatelDemo" */;
			buildPhases = (
				CE2833F522E2F63500793542 /* Sources */,
				CE2833F622E2F63500793542 /* Frameworks */,
				CE2833F722E2F63500793542 /* Resources */,
			);
			buildRules = (
			);
			dependencies = (
			);
			name = LearnMatelDemo;
			productName = LearnMatelDemo;
			productReference = CE2833F922E2F63500793542 /* LearnMatelDemo.app */;
			productType = "com.apple.product-type.application";
		};
/* End PBXNativeTarget section */

/* Begin PBXProject section */
		CE2833F122E2F63500793542 /* Project object */ = {
			isa = PBXProject;
			attributes = {
				LastUpgradeCheck = 1020;
				ORGANIZATIONNAME = Rock;
				TargetAttributes = {
					CE2833F822E2F63500793542 = {
						CreatedOnToolsVersion = 10.2.1;
					};
				};
			};
			buildConfigurationList = CE2833F422E2F63500793542 /* Build configuration list for PBXProject "LearnMatelDemo" */;
			compatibilityVersion = "Xcode 9.3";
			developmentRegion = en;
			hasScannedForEncodings = 0;
			knownRegions = (
				en,
				Base,
			);
			mainGroup = CE2833F022E2F63500793542;
			productRefGroup = CE2833FA22E2F63500793542 /* Products */;
			projectDirPath = "";
			projectRoot = "";
			targets = (
				CE2833F822E2F63500793542 /* LearnMatelDemo */,
			);
		};
/* End PBXProject section */

/* Begin PBXResourcesBuildPhase section */
		CE2833F722E2F63500793542 /* Resources */ = {
			isa = PBXResourcesBuildPhase;
			buildActionMask = 2147483647;
			files = (
				CE28340922E2F63700793542 /* LaunchScreen.storyboard in Resources */,
				CE3792E722E733470010B8BD /* img1.jpg in Resources */,
				CE28340622E2F63700793542 /* Assets.xcassets in Resources */,
				CE28340422E2F63500793542 /* Main.storyboard in Resources */,
			);
			runOnlyForDeploymentPostprocessing = 0;
		};
/* End PBXResourcesBuildPhase section */

/* Begin PBXSourcesBuildPhase section */
		CE2833F522E2F63500793542 /* Sources */ = {
			isa = PBXSourcesBuildPhase;
			buildActionMask = 2147483647;
			files = (
				CE3792E122E72BD00010B8BD /* DrawImageViewController.m in Sources */,
				CE28340122E2F63500793542 /* ViewController.m in Sources */,
				CE28340C22E2F63700793542 /* main.m in Sources */,
				CE3792E922E737300010B8BD /* ImageBaseShader.metal in Sources */,
				CE28341822E30B3A00793542 /* triangle.metal in Sources */,
				CE28341622E3006E00793542 /* DrawTriangleViewController.m in Sources */,
				CE3792E422E72BFD0010B8BD /* MetalBaseView.m in Sources */,
				CE2833FE22E2F63500793542 /* AppDelegate.m in Sources */,
			);
			runOnlyForDeploymentPostprocessing = 0;
		};
/* End PBXSourcesBuildPhase section */

/* Begin PBXVariantGroup section */
		CE28340222E2F63500793542 /* Main.storyboard */ = {
			isa = PBXVariantGroup;
			children = (
				CE28340322E2F63500793542 /* Base */,
			);
			name = Main.storyboard;
			sourceTree = "<group>";
		};
		CE28340722E2F63700793542 /* LaunchScreen.storyboard */ = {
			isa = PBXVariantGroup;
			children = (
				CE28340822E2F63700793542 /* Base */,
			);
			name = LaunchScreen.storyboard;
			sourceTree = "<group>";
		};
/* End PBXVariantGroup section */

/* Begin XCBuildConfiguration section */
		CE28340D22E2F63700793542 /* Debug */ = {
			isa = XCBuildConfiguration;
			buildSettings = {
				ALWAYS_SEARCH_USER_PATHS = NO;
				CLANG_ANALYZER_NONNULL = YES;
				CLANG_ANALYZER_NUMBER_OBJECT_CONVERSION = YES_AGGRESSIVE;
				CLANG_CXX_LANGUAGE_STANDARD = "gnu++14";
				CLANG_CXX_LIBRARY = "libc++";
				CLANG_ENABLE_MODULES = YES;
				CLANG_ENABLE_OBJC_ARC = YES;
				CLANG_ENABLE_OBJC_WEAK = YES;
				CLANG_WARN_BLOCK_CAPTURE_AUTORELEASING = YES;
				CLANG_WARN_BOOL_CONVERSION = YES;
				CLANG_WARN_COMMA = YES;
				CLANG_WARN_CONSTANT_CONVERSION = YES;
				CLANG_WARN_DEPRECATED_OBJC_IMPLEMENTATIONS = YES;
				CLANG_WARN_DIRECT_OBJC_ISA_USAGE = YES_ERROR;
				CLANG_WARN_DOCUMENTATION_COMMENTS = YES;
				CLANG_WARN_EMPTY_BODY = YES;
				CLANG_WARN_ENUM_CONVERSION = YES;
				CLANG_WARN_INFINITE_RECURSION = YES;
				CLANG_WARN_INT_CONVERSION = YES;
				CLANG_WARN_NON_LITERAL_NULL_CONVERSION = YES;
				CLANG_WARN_OBJC_IMPLICIT_RETAIN_SELF = YES;
				CLANG_WARN_OBJC_LITERAL_CONVERSION = YES;
				CLANG_WARN_OBJC_ROOT_CLASS = YES_ERROR;
				CLANG_WARN_RANGE_LOOP_ANALYSIS = YES;
				CLANG_WARN_STRICT_PROTOTYPES = YES;
				CLANG_WARN_SUSPICIOUS_MOVE = YES;
				CLANG_WARN_UNGUARDED_AVAILABILITY = YES_AGGRESSIVE;
				CLANG_WARN_UNREACHABLE_CODE = YES;
				CLANG_WARN__DUPLICATE_METHOD_MATCH = YES;
				CODE_SIGN_IDENTITY = "iPhone Developer";
				COPY_PHASE_STRIP = NO;
				DEBUG_INFORMATION_FORMAT = dwarf;
				ENABLE_STRICT_OBJC_MSGSEND = YES;
				ENABLE_TESTABILITY = YES;
				GCC_C_LANGUAGE_STANDARD = gnu11;
				GCC_DYNAMIC_NO_PIC = NO;
				GCC_NO_COMMON_BLOCKS = YES;
				GCC_OPTIMIZATION_LEVEL = 0;
				GCC_PREPROCESSOR_DEFINITIONS = (
					"DEBUG=1",
					"$(inherited)",
				);
				GCC_WARN_64_TO_32_BIT_CONVERSION = YES;
				GCC_WARN_ABOUT_RETURN_TYPE = YES_ERROR;
				GCC_WARN_UNDECLARED_SELECTOR = YES;
				GCC_WARN_UNINITIALIZED_AUTOS = YES_AGGRESSIVE;
				GCC_WARN_UNUSED_FUNCTION = YES;
				GCC_WARN_UNUSED_VARIABLE = YES;
				IPHONEOS_DEPLOYMENT_TARGET = 12.2;
				MTL_ENABLE_DEBUG_INFO = INCLUDE_SOURCE;
				MTL_FAST_MATH = YES;
				ONLY_ACTIVE_ARCH = YES;
				SDKROOT = iphoneos;
			};
			name = Debug;
		};
		CE28340E22E2F63700793542 /* Release */ = {
			isa = XCBuildConfiguration;
			buildSettings = {
				ALWAYS_SEARCH_USER_PATHS = NO;
				CLANG_ANALYZER_NONNULL = YES;
				CLANG_ANALYZER_NUMBER_OBJECT_CONVERSION = YES_AGGRESSIVE;
				CLANG_CXX_LANGUAGE_STANDARD = "gnu++14";
				CLANG_CXX_LIBRARY = "libc++";
				CLANG_ENABLE_MODULES = YES;
				CLANG_ENABLE_OBJC_ARC = YES;
				CLANG_ENABLE_OBJC_WEAK = YES;
				CLANG_WARN_BLOCK_CAPTURE_AUTORELEASING = YES;
				CLANG_WARN_BOOL_CONVERSION = YES;
				CLANG_WARN_COMMA = YES;
				CLANG_WARN_CONSTANT_CONVERSION = YES;
				CLANG_WARN_DEPRECATED_OBJC_IMPLEMENTATIONS = YES;
				CLANG_WARN_DIRECT_OBJC_ISA_USAGE = YES_ERROR;
				CLANG_WARN_DOCUMENTATION_COMMENTS = YES;
				CLANG_WARN_EMPTY_BODY = YES;
				CLANG_WARN_ENUM_CONVERSION = YES;
				CLANG_WARN_INFINITE_RECURSION = YES;
				CLANG_WARN_INT_CONVERSION = YES;
				CLANG_WARN_NON_LITERAL_NULL_CONVERSION = YES;
				CLANG_WARN_OBJC_IMPLICIT_RETAIN_SELF = YES;
				CLANG_WARN_OBJC_LITERAL_CONVERSION = YES;
				CLANG_WARN_OBJC_ROOT_CLASS = YES_ERROR;
				CLANG_WARN_RANGE_LOOP_ANALYSIS = YES;
				CLANG_WARN_STRICT_PROTOTYPES = YES;
				CLANG_WARN_SUSPICIOUS_MOVE = YES;
				CLANG_WARN_UNGUARDED_AVAILABILITY = YES_AGGRESSIVE;
				CLANG_WARN_UNREACHABLE_CODE = YES;
				CLANG_WARN__DUPLICATE_METHOD_MATCH = YES;
				CODE_SIGN_IDENTITY = "iPhone Developer";
				COPY_PHASE_STRIP = NO;
				DEBUG_INFORMATION_FORMAT = "dwarf-with-dsym";
				ENABLE_NS_ASSERTIONS = NO;
				ENABLE_STRICT_OBJC_MSGSEND = YES;
				GCC_C_LANGUAGE_STANDARD = gnu11;
				GCC_NO_COMMON_BLOCKS = YES;
				GCC_WARN_64_TO_32_BIT_CONVERSION = YES;
				GCC_WARN_ABOUT_RETURN_TYPE = YES_ERROR;
				GCC_WARN_UNDECLARED_SELECTOR = YES;
				GCC_WARN_UNINITIALIZED_AUTOS = YES_AGGRESSIVE;
				GCC_WARN_UNUSED_FUNCTION = YES;
				GCC_WARN_UNUSED_VARIABLE = YES;
				IPHONEOS_DEPLOYMENT_TARGET = 12.2;
				MTL_ENABLE_DEBUG_INFO = NO;
				MTL_FAST_MATH = YES;
				SDKROOT = iphoneos;
				VALIDATE_PRODUCT = YES;
			};
			name = Release;
		};
		CE28341022E2F63700793542 /* Debug */ = {
			isa = XCBuildConfiguration;
			buildSettings = {
				ASSETCATALOG_COMPILER_APPICON_NAME = AppIcon;
				CODE_SIGN_STYLE = Automatic;
				DEVELOPMENT_TEAM = H8Z8H3RQUL;
				INFOPLIST_FILE = LearnMatelDemo/Info.plist;
				IPHONEOS_DEPLOYMENT_TARGET = 10.0;
				LD_RUNPATH_SEARCH_PATHS = (
					"$(inherited)",
					"@executable_path/Frameworks",
				);
				PRODUCT_BUNDLE_IDENTIFIER = com.mojia.LearnMatelDemo;
				PRODUCT_NAME = "$(TARGET_NAME)";
				TARGETED_DEVICE_FAMILY = 1;
			};
			name = Debug;
		};
		CE28341122E2F63700793542 /* Release */ = {
			isa = XCBuildConfiguration;
			buildSettings = {
				ASSETCATALOG_COMPILER_APPICON_NAME = AppIcon;
				CODE_SIGN_STYLE = Automatic;
				DEVELOPMENT_TEAM = H8Z8H3RQUL;
				INFOPLIST_FILE = LearnMatelDemo/Info.plist;
				IPHONEOS_DEPLOYMENT_TARGET = 10.0;
				LD_RUNPATH_SEARCH_PATHS = (
					"$(inherited)",
					"@executable_path/Frameworks",
				);
				PRODUCT_BUNDLE_IDENTIFIER = com.mojia.LearnMatelDemo;
				PRODUCT_NAME = "$(TARGET_NAME)";
				TARGETED_DEVICE_FAMILY = 1;
			};
			name = Release;
		};
/* End XCBuildConfiguration section */

/* Begin XCConfigurationList section */
		CE2833F422E2F63500793542 /* Build configuration list for PBXProject "LearnMatelDemo" */ = {
			isa = XCConfigurationList;
			buildConfigurations = (
				CE28340D22E2F63700793542 /* Debug */,
				CE28340E22E2F63700793542 /* Release */,
			);
			defaultConfigurationIsVisible = 0;
			defaultConfigurationName = Release;
		};
		CE28340F22E2F63700793542 /* Build configuration list for PBXNativeTarget "LearnMatelDemo" */ = {
			isa = XCConfigurationList;
			buildConfigurations = (
				CE28341022E2F63700793542 /* Debug */,
				CE28341122E2F63700793542 /* Release */,
			);
			defaultConfigurationIsVisible = 0;
			defaultConfigurationName = Release;
		};
/* End XCConfigurationList section */
	};
	rootObject = CE2833F122E2F63500793542 /* Project object */;
}
